{
  "meteor": {
    "git": "https://github.com/meteor/meteor.git",
    "branch": "master",
    "commit": "d17795971cf2d55532bf7b9d00d0c925dec22014"
  },
  "dependencies": {
    "basePackages": {
      "npm": {},
      "cron": {},
      "roles": {},
      "router": {},
      "momentjs": {},
      "bootboxjs": {},
      "event-hooks": {},
      "animate-css": {},
      "z-mongo-admin": {
        "git": "https://github.com/xumx/meteor-admin-ui",
        "branch": "master"
      },
      "flash-messages": {},
      "accounts-ui-bootstrap-dropdown": {
        "git": "https://github.com/xumx/meteor-accounts-ui-bootstrap-dropdown",
        "branch": "master"
      },
      "isotope": {}
    },
    "packages": {
      "npm": {
        "git": "https://github.com/arunoda/meteor-npm.git",
        "tag": "v0.2.2",
        "commit": "ad83acff83385d5ea05997c8bbc2d7493ba4c04e"
      },
      "cron": {
        "git": "https://github.com/alexsuslov/Meteor.cron.git",
        "tag": "v0.0.1",
        "commit": "5216d14472fee7b692e8371aadc9f35f54ba9bb0"
      },
      "roles": {
        "git": "https://github.com/alanning/meteor-roles.git",
        "tag": "v1.0.6",
        "commit": "f81cbf7c765a4ed7e16a580c288db6f10a90856b"
      },
      "router": {
        "git": "https://github.com/tmeasday/meteor-router.git",
        "tag": "v0.5.4",
        "commit": "e40ee450a756b54a32ed67be4595772403256fb5"
      },
      "momentjs": {
        "git": "https://github.com/crapthings/meteor-momentjs.git",
        "tag": "v2.1.0",
        "commit": "f421f51c2cb40093374a83adb932937da2f991d3"
      },
      "bootboxjs": {
        "git": "https://github.com/TimHeckel/meteor-bootboxjs.git",
        "tag": "v3.2.2",
        "commit": "580adfebfa12b4d2186a80cec1109dab74ad6228"
      },
      "event-hooks": {
        "git": "https://github.com/BenjaminRH/meteor-event-hooks.git",
        "tag": "v1.4.2",
        "commit": "feb1df170a4fbfce5544115389496e298054eb90"
      },
      "animate-css": {
        "git": "https://github.com/nate-strauser/meteor-animate-css.git",
        "tag": "v0.1.0",
        "commit": "993c626b204e596c41cda63cb3fbb0ca3aa5deea"
      },
      "z-mongo-admin": {
        "git": "https://github.com/xumx/meteor-admin-ui",
        "branch": "master",
        "commit": "58e8935de35517eade2a2415df1c13d5fd32cafc"
      },
      "flash-messages": {
        "git": "https://github.com/camilosw/flash-messages.git",
        "tag": "v0.2.1",
        "commit": "62cf1ee531684808b91dbe3ff15e63f6d5af1c66"
      },
      "accounts-ui-bootstrap-dropdown": {
        "git": "https://github.com/xumx/meteor-accounts-ui-bootstrap-dropdown",
        "branch": "master",
        "commit": "cd77423fd3a6332a3e1cb896636be40c03b804c0"
      },
      "isotope": {
        "git": "https://github.com/digioak/meteor-isotope.git",
        "tag": "v0.0.3",
        "commit": "6fa8d0cd5ad50ea2292f2ce03ea619adc6c13c58"
      },
      "page-js-ie-support": {
        "git": "https://github.com/tmeasday/meteor-page-js-ie-support.git",
        "tag": "v1.3.5",
        "commit": "b99ed8380aefd10b2afc8f18d9eed4dd0d8ea9cb"
      },
      "HTML5-History-API": {
        "git": "https://github.com/tmeasday/meteor-HTML5-History-API.git",
        "tag": "v4.0.0",
        "commit": "dc4965f1424cfca625ec3fbea17eace03f8e32c5"
      }
    }
  }
}
