{
  "meteor": {
    "git": "https://github.com/meteor/meteor.git",
    "branch": "master",
    "commit": "2e78d0d110443ac6fb9471e6be1c136f15f03fd2"
  },
  "dependencies": {
    "basePackages": {
      "npm": {},
      "cron": {},
      "roles": {},
      "router": {},
      "momentjs": {},
      "bootboxjs": {},
      "event-hooks": {},
      "animate-css": {},
      "z-mongo-admin": {
        "git": "https://github.com/xumx/meteor-admin-ui",
        "branch": "master"
      },
      "flash-messages": {},
      "accounts-ui-bootstrap-dropdown": {}
    },
    "packages": {
      "npm": {
        "git": "https://github.com/arunoda/meteor-npm.git",
        "tag": "v0.1.4",
        "commit": "68ab2b952ab21a5bbba879b37be9385ec8ff6d63"
      },
      "cron": {
        "git": "https://github.com/alexsuslov/Meteor.cron.git",
        "tag": "v0.0.1",
        "commit": "5216d14472fee7b692e8371aadc9f35f54ba9bb0"
      },
      "roles": {
        "git": "https://github.com/alanning/meteor-roles.git",
        "tag": "v1.0.5",
        "commit": "a6e0ce33f8dc69a816165c458b138c2acb30ad0e"
      },
      "router": {
        "git": "https://github.com/tmeasday/meteor-router.git",
        "tag": "v0.5.3",
        "commit": "7bd3a1bdd1099625bb8b49406d9b8f961d6f4a17"
      },
      "momentjs": {
        "git": "https://github.com/crapthings/meteor-momentjs.git",
        "tag": "v2.1.0",
        "commit": "f421f51c2cb40093374a83adb932937da2f991d3"
      },
      "bootboxjs": {
        "git": "https://github.com/TimHeckel/meteor-bootboxjs.git",
        "tag": "v3.2.0",
        "commit": "6088b5b6ec13304457394cd358cbdc5f3def1a1c"
      },
      "event-hooks": {
        "git": "https://github.com/BenjaminRH/meteor-event-hooks.git",
        "tag": "v1.4.0",
        "commit": "8d0daf1b84622104d3bcdd99fcf791cd08d3a222"
      },
      "animate-css": {
        "git": "https://github.com/nate-strauser/meteor-animate-css.git",
        "tag": "v0.1.0",
        "commit": "993c626b204e596c41cda63cb3fbb0ca3aa5deea"
      },
      "z-mongo-admin": {
        "git": "https://github.com/xumx/meteor-admin-ui",
        "branch": "master",
        "commit": "a7bf9664b34b61b30ac70c0978635f71a47ee9c5"
      },
      "flash-messages": {
        "git": "https://github.com/camilosw/flash-messages.git",
        "tag": "v0.1.3.1",
        "commit": "b4b02b1a21789b7d19350410e2f98d66a872a683"
      },
      "accounts-ui-bootstrap-dropdown": {
        "git": "https://github.com/erobit/meteor-accounts-ui-bootstrap-dropdown.git",
        "tag": "v0.1.5",
        "commit": "e12b128f140caa2797720cbd5fae084de7810c6a"
      },
      "page-js-ie-support": {
        "git": "https://github.com/tmeasday/meteor-page-js-ie-support.git",
        "tag": "v1.3.5",
        "commit": "b99ed8380aefd10b2afc8f18d9eed4dd0d8ea9cb"
      }
    }
  }
}
